{
  "projects": [
    {
      "projectId": "8TQ36cnMXH7kcW4VsARNxu",
      "version": "latest",
      "dependencies": {
        "caTPwKxj5ZrD9LQ7DMdK4Z": "3.15.0"
      },
      "lang": "ts",
      "fileLocks": [
        {
          "type": "globalVariant",
          "assetId": "pRrsnh9QmrrW-",
          "checksum": "36e7d91278d7df6fbb2126b54a2470ff"
        },
        {
          "type": "renderModule",
          "assetId": "5Ks4DAgM2t76",
          "checksum": "9b7ed68f2a40cf3004f7331a13c5892f"
        },
        {
          "type": "cssRules",
          "assetId": "5Ks4DAgM2t76",
          "checksum": "9b7ed68f2a40cf3004f7331a13c5892f"
        },
        {
          "assetId": "8TQ36cnMXH7kcW4VsARNxu",
          "type": "projectCss",
          "checksum": "f8eff713c5f652a4db20507950726b98"
        }
      ],
      "codegenVersion": "0.0.1"
    },
    {
      "projectId": "caTPwKxj5ZrD9LQ7DMdK4Z",
      "version": "3.15.0",
      "dependencies": {},
      "lang": "ts",
      "fileLocks": [
        {
          "assetId": "caTPwKxj5ZrD9LQ7DMdK4Z",
          "type": "projectCss",
          "checksum": "83d5f1930066325a8f34ed77f0239d4a"
        }
      ],
      "codegenVersion": "0.0.1"
    }
  ],
  "cliVersion": "0.1.208"
}
